PODS:
  - AFNetworking (4.0.1):
    - AFNetworking/NSURLSession (= 4.0.1)
    - AFNetworking/Reachability (= 4.0.1)
    - AFNetworking/Security (= 4.0.1)
    - AFNetworking/Serialization (= 4.0.1)
    - AFNetworking/UIKit (= 4.0.1)
  - AFNetworking/NSURLSession (4.0.1):
    - AFNetworking/Reachability
    - AFNetworking/Security
    - AFNetworking/Serialization
  - AFNetworking/Reachability (4.0.1)
  - AFNetworking/Security (4.0.1)
  - AFNetworking/Serialization (4.0.1)
  - AFNetworking/UIKit (4.0.1):
    - AFNetworking/NSURLSession
  - Alamofire (4.9.1)
  - AMap3DMap-NO-IDFA (9.4.0):
    - AMapFoundation-NO-IDFA (>= 1.7.0)
  - AMapFoundation-NO-IDFA (1.7.0)
  - AMapLocation-NO-IDFA (2.9.0):
    - AMapFoundation-NO-IDFA (>= 1.7.0)
  - AMapSearch-NO-IDFA (9.4.0):
    - AMapFoundation-NO-IDFA (>= 1.7.0)
  - BRPickerView (2.8.0):
    - BRPickerView/AddressPickerView (= 2.8.0)
    - BRPickerView/Base (= 2.8.0)
    - BRPickerView/DatePickerView (= 2.8.0)
    - BRPickerView/StringPickerView (= 2.8.0)
  - BRPickerView/AddressPickerView (2.8.0):
    - BRPickerView/Base
  - BRPickerView/Base (2.8.0)
  - BRPickerView/DatePickerView (2.8.0):
    - BRPickerView/Base
  - BRPickerView/StringPickerView (2.8.0):
    - BRPickerView/Base
  - Bugly (2.5.93)
  - CL_ShanYanSDK (2.3.5.8)
  - CocoaAsyncSocket (7.6.5)
  - CocoaLumberjack (3.7.4):
    - CocoaLumberjack/Core (= 3.7.4)
  - CocoaLumberjack/Core (3.7.4)
  - CYLTabBarController (1.29.2):
    - CYLTabBarController/Core (= 1.29.2)
  - CYLTabBarController/Core (1.29.2)
  - DoraemonKit/Core (3.0.7):
    - FMDB
    - GCDWebServer
    - GCDWebServer/WebDAV
    - GCDWebServer/WebUploader
  - DoraemonKit/WithGPS (3.0.7):
    - DoraemonKit/Core
  - DoraemonKit/WithLoad (3.0.7):
    - DoraemonKit/Core
  - DoraemonKit/WithLogger (3.0.7):
    - CocoaLumberjack
    - DoraemonKit/Core
  - FDFullscreenPopGesture (1.1)
  - FMDB (2.7.5):
    - FMDB/standard (= 2.7.5)
  - FMDB/standard (2.7.5)
  - GCDWebServer (3.5.4):
    - GCDWebServer/Core (= 3.5.4)
  - GCDWebServer/Core (3.5.4)
  - GCDWebServer/WebDAV (3.5.4):
    - GCDWebServer/Core
  - GCDWebServer/WebUploader (3.5.4):
    - GCDWebServer/Core
  - GTExtensionSDK (3.0.1)
  - GTSDK (2.7.1.0):
    - ZXSDK
  - HHTransition (3.1.0)
  - HookLib (0.1.2):
    - HookLib/Aspects (= 0.1.2)
    - HookLib/DynamicRun (= 0.1.2)
    - HookLib/WBHookBlock (= 0.1.2)
  - HookLib/Aspects (0.1.2)
  - HookLib/DynamicRun (0.1.2)
  - HookLib/WBHookBlock (0.1.2)
  - IQKeyboardManager (6.5.10)
  - JJException (0.2.12):
    - JJException/All (= 0.2.12)
  - JJException/All (0.2.12):
    - JJException/ARC
    - JJException/DeallocBlock
    - JJException/Main
    - JJException/MRC
    - JJException/Swizzle
  - JJException/ARC (0.2.12):
    - JJException/DeallocBlock
    - JJException/Main
    - JJException/Swizzle
  - JJException/DeallocBlock (0.2.12)
  - JJException/Main (0.2.12)
  - JJException/MRC (0.2.12):
    - JJException/Main
    - JJException/Swizzle
  - JJException/Swizzle (0.2.12)
  - JLRoutes (2.1)
  - JSONModel (1.5.0)
  - KissXML (5.2.3)
  - KVOController (1.2.0)
  - Logan (1.2.7):
    - Logan/mbedtls (= 1.2.7)
  - Logan/mbedtls (1.2.7)
  - LookinServer (1.0.4)
  - Masonry (1.1.0)
  - MGJRouter (0.8.0)
  - MJExtension (3.0.15.1)
  - MJRefresh (3.1.15.7)
  - PINCache (2.3)
  - QMUIKit (4.1.3):
    - QMUIKit/QMUIComponents (= 4.1.3)
    - QMUIKit/QMUICore (= 4.1.3)
    - QMUIKit/QMUILog (= 4.1.3)
    - QMUIKit/QMUIMainFrame (= 4.1.3)
    - QMUIKit/QMUIWeakObjectContainer (= 4.1.3)
  - QMUIKit/QMUIComponents (4.1.3):
    - QMUIKit/QMUIComponents/NavigationBarTransition (= 4.1.3)
    - QMUIKit/QMUIComponents/QMUIAlertController (= 4.1.3)
    - QMUIKit/QMUIComponents/QMUIAnimation (= 4.1.3)
    - QMUIKit/QMUIComponents/QMUIAppearance (= 4.1.3)
    - QMUIKit/QMUIComponents/QMUIAssetLibrary (= 4.1.3)
    - QMUIKit/QMUIComponents/QMUIBadge (= 4.1.3)
    - QMUIKit/QMUIComponents/QMUIButton (= 4.1.3)
    - QMUIKit/QMUIComponents/QMUICAAnimationExtension (= 4.1.3)
    - QMUIKit/QMUIComponents/QMUICALayerExtension (= 4.1.3)
    - QMUIKit/QMUIComponents/QMUICellHeightCache (= 4.1.3)
    - QMUIKit/QMUIComponents/QMUICellHeightKeyCache (= 4.1.3)
    - QMUIKit/QMUIComponents/QMUICellSizeKeyCache (= 4.1.3)
    - QMUIKit/QMUIComponents/QMUICollectionViewPagingLayout (= 4.1.3)
    - QMUIKit/QMUIComponents/QMUIConsole (= 4.1.3)
    - QMUIKit/QMUIComponents/QMUIDialogViewController (= 4.1.3)
    - QMUIKit/QMUIComponents/QMUIEmotionInputManager (= 4.1.3)
    - QMUIKit/QMUIComponents/QMUIEmotionView (= 4.1.3)
    - QMUIKit/QMUIComponents/QMUIEmptyView (= 4.1.3)
    - QMUIKit/QMUIComponents/QMUIFillButton (= 4.1.3)
    - QMUIKit/QMUIComponents/QMUIFloatLayoutView (= 4.1.3)
    - QMUIKit/QMUIComponents/QMUIGhostButton (= 4.1.3)
    - QMUIKit/QMUIComponents/QMUIGridView (= 4.1.3)
    - QMUIKit/QMUIComponents/QMUIImagePickerLibrary (= 4.1.3)
    - QMUIKit/QMUIComponents/QMUIImagePreviewView (= 4.1.3)
    - QMUIKit/QMUIComponents/QMUIKeyboardManager (= 4.1.3)
    - QMUIKit/QMUIComponents/QMUILabel (= 4.1.3)
    - QMUIKit/QMUIComponents/QMUILinkButton (= 4.1.3)
    - QMUIKit/QMUIComponents/QMUILogManagerViewController (= 4.1.3)
    - QMUIKit/QMUIComponents/QMUILogWithConfigurationSupported (= 4.1.3)
    - QMUIKit/QMUIComponents/QMUIMarqueeLabel (= 4.1.3)
    - QMUIKit/QMUIComponents/QMUIModalPresentationViewController (= 4.1.3)
    - QMUIKit/QMUIComponents/QMUIMoreOperationController (= 4.1.3)
    - QMUIKit/QMUIComponents/QMUIMultipleDelegates (= 4.1.3)
    - QMUIKit/QMUIComponents/QMUINavigationButton (= 4.1.3)
    - QMUIKit/QMUIComponents/QMUINavigationTitleView (= 4.1.3)
    - QMUIKit/QMUIComponents/QMUIOrderedDictionary (= 4.1.3)
    - QMUIKit/QMUIComponents/QMUIPieProgressView (= 4.1.3)
    - QMUIKit/QMUIComponents/QMUIPopupContainerView (= 4.1.3)
    - QMUIKit/QMUIComponents/QMUIPopupMenuView (= 4.1.3)
    - QMUIKit/QMUIComponents/QMUIScrollAnimator (= 4.1.3)
    - QMUIKit/QMUIComponents/QMUISearchBar (= 4.1.3)
    - QMUIKit/QMUIComponents/QMUISearchController (= 4.1.3)
    - QMUIKit/QMUIComponents/QMUISegmentedControl (= 4.1.3)
    - QMUIKit/QMUIComponents/QMUISlider (= 4.1.3)
    - QMUIKit/QMUIComponents/QMUIStaticTableView (= 4.1.3)
    - QMUIKit/QMUIComponents/QMUITableView (= 4.1.3)
    - QMUIKit/QMUIComponents/QMUITableViewCell (= 4.1.3)
    - QMUIKit/QMUIComponents/QMUITableViewHeaderFooterView (= 4.1.3)
    - QMUIKit/QMUIComponents/QMUITableViewProtocols (= 4.1.3)
    - QMUIKit/QMUIComponents/QMUITestView (= 4.1.3)
    - QMUIKit/QMUIComponents/QMUITextField (= 4.1.3)
    - QMUIKit/QMUIComponents/QMUITextView (= 4.1.3)
    - QMUIKit/QMUIComponents/QMUITheme (= 4.1.3)
    - QMUIKit/QMUIComponents/QMUITips (= 4.1.3)
    - QMUIKit/QMUIComponents/QMUIToastView (= 4.1.3)
    - QMUIKit/QMUIComponents/QMUIToolbarButton (= 4.1.3)
    - QMUIKit/QMUIComponents/QMUIVisualEffectView (= 4.1.3)
    - QMUIKit/QMUIComponents/QMUIWindowSizeMonitor (= 4.1.3)
    - QMUIKit/QMUIComponents/QMUIZoomImageView (= 4.1.3)
    - QMUIKit/QMUICore
  - QMUIKit/QMUIComponents/NavigationBarTransition (4.1.3):
    - QMUIKit/QMUIComponents/QMUINavigationTitleView
    - QMUIKit/QMUICore
    - QMUIKit/QMUIMainFrame
  - QMUIKit/QMUIComponents/QMUIAlertController (4.1.3):
    - QMUIKit/QMUIComponents/QMUIAppearance
    - QMUIKit/QMUIComponents/QMUIButton
    - QMUIKit/QMUIComponents/QMUIKeyboardManager
    - QMUIKit/QMUIComponents/QMUIModalPresentationViewController
    - QMUIKit/QMUIComponents/QMUITextField
    - QMUIKit/QMUICore
  - QMUIKit/QMUIComponents/QMUIAnimation (4.1.3):
    - QMUIKit/QMUICore
  - QMUIKit/QMUIComponents/QMUIAppearance (4.1.3):
    - QMUIKit/QMUICore
  - QMUIKit/QMUIComponents/QMUIAssetLibrary (4.1.3):
    - QMUIKit/QMUICore
  - QMUIKit/QMUIComponents/QMUIBadge (4.1.3):
    - QMUIKit/QMUIComponents/QMUILabel
    - QMUIKit/QMUICore
  - QMUIKit/QMUIComponents/QMUIButton (4.1.3):
    - QMUIKit/QMUICore
  - QMUIKit/QMUIComponents/QMUICAAnimationExtension (4.1.3):
    - QMUIKit/QMUIComponents/QMUIMultipleDelegates
    - QMUIKit/QMUICore
  - QMUIKit/QMUIComponents/QMUICALayerExtension (4.1.3):
    - QMUIKit/QMUIComponents/QMUIMultipleDelegates
    - QMUIKit/QMUICore
  - QMUIKit/QMUIComponents/QMUICellHeightCache (4.1.3):
    - QMUIKit/QMUIComponents/QMUITableViewProtocols
    - QMUIKit/QMUICore
  - QMUIKit/QMUIComponents/QMUICellHeightKeyCache (4.1.3):
    - QMUIKit/QMUIComponents/QMUIMultipleDelegates
    - QMUIKit/QMUIComponents/QMUITableViewProtocols
    - QMUIKit/QMUICore
  - QMUIKit/QMUIComponents/QMUICellSizeKeyCache (4.1.3):
    - QMUIKit/QMUIComponents/QMUIMultipleDelegates
    - QMUIKit/QMUICore
  - QMUIKit/QMUIComponents/QMUICollectionViewPagingLayout (4.1.3):
    - QMUIKit/QMUICore
  - QMUIKit/QMUIComponents/QMUIConsole (4.1.3):
    - QMUIKit/QMUIComponents/QMUIButton
    - QMUIKit/QMUIComponents/QMUICAAnimationExtension
    - QMUIKit/QMUIComponents/QMUIPopupMenuView
    - QMUIKit/QMUIComponents/QMUITextField
    - QMUIKit/QMUIComponents/QMUITextView
    - QMUIKit/QMUICore
  - QMUIKit/QMUIComponents/QMUIDialogViewController (4.1.3):
    - QMUIKit/QMUIComponents/QMUIAppearance
    - QMUIKit/QMUIComponents/QMUIButton
    - QMUIKit/QMUIComponents/QMUILabel
    - QMUIKit/QMUIComponents/QMUIModalPresentationViewController
    - QMUIKit/QMUIComponents/QMUINavigationTitleView
    - QMUIKit/QMUIComponents/QMUITableView
    - QMUIKit/QMUIComponents/QMUITableViewCell
    - QMUIKit/QMUIComponents/QMUITextField
    - QMUIKit/QMUICore
    - QMUIKit/QMUIMainFrame
  - QMUIKit/QMUIComponents/QMUIEmotionInputManager (4.1.3):
    - QMUIKit/QMUIComponents/QMUIEmotionView
    - QMUIKit/QMUICore
  - QMUIKit/QMUIComponents/QMUIEmotionView (4.1.3):
    - QMUIKit/QMUIComponents/QMUIButton
    - QMUIKit/QMUICore
  - QMUIKit/QMUIComponents/QMUIEmptyView (4.1.3):
    - QMUIKit/QMUIComponents/QMUIAppearance
    - QMUIKit/QMUIComponents/QMUIButton
    - QMUIKit/QMUICore
  - QMUIKit/QMUIComponents/QMUIFillButton (4.1.3):
    - QMUIKit/QMUIComponents/QMUIButton
    - QMUIKit/QMUICore
  - QMUIKit/QMUIComponents/QMUIFloatLayoutView (4.1.3):
    - QMUIKit/QMUICore
  - QMUIKit/QMUIComponents/QMUIGhostButton (4.1.3):
    - QMUIKit/QMUIComponents/QMUIButton
    - QMUIKit/QMUICore
  - QMUIKit/QMUIComponents/QMUIGridView (4.1.3):
    - QMUIKit/QMUICore
  - QMUIKit/QMUIComponents/QMUIImagePickerLibrary (4.1.3):
    - QMUIKit/QMUIComponents/QMUIAlertController
    - QMUIKit/QMUIComponents/QMUIAppearance
    - QMUIKit/QMUIComponents/QMUIAssetLibrary
    - QMUIKit/QMUIComponents/QMUIButton
    - QMUIKit/QMUIComponents/QMUIEmptyView
    - QMUIKit/QMUIComponents/QMUIImagePreviewView
    - QMUIKit/QMUIComponents/QMUINavigationButton
    - QMUIKit/QMUIComponents/QMUITableViewCell
    - QMUIKit/QMUIComponents/QMUIZoomImageView
    - QMUIKit/QMUICore
    - QMUIKit/QMUIMainFrame
  - QMUIKit/QMUIComponents/QMUIImagePreviewView (4.1.3):
    - QMUIKit/QMUIComponents/QMUIAppearance
    - QMUIKit/QMUIComponents/QMUIButton
    - QMUIKit/QMUIComponents/QMUICollectionViewPagingLayout
    - QMUIKit/QMUIComponents/QMUIEmptyView
    - QMUIKit/QMUIComponents/QMUIPieProgressView
    - QMUIKit/QMUIComponents/QMUIZoomImageView
    - QMUIKit/QMUICore
    - QMUIKit/QMUIMainFrame
  - QMUIKit/QMUIComponents/QMUIKeyboardManager (4.1.3):
    - QMUIKit/QMUICore
  - QMUIKit/QMUIComponents/QMUILabel (4.1.3):
    - QMUIKit/QMUICore
  - QMUIKit/QMUIComponents/QMUILinkButton (4.1.3):
    - QMUIKit/QMUIComponents/QMUIButton
    - QMUIKit/QMUICore
  - QMUIKit/QMUIComponents/QMUILogManagerViewController (4.1.3):
    - QMUIKit/QMUIComponents/QMUIPopupMenuView
    - QMUIKit/QMUIComponents/QMUISearchController
    - QMUIKit/QMUIComponents/QMUIStaticTableView
    - QMUIKit/QMUIComponents/QMUITableView
    - QMUIKit/QMUICore
    - QMUIKit/QMUIMainFrame
  - QMUIKit/QMUIComponents/QMUILogWithConfigurationSupported (4.1.3):
    - QMUIKit/QMUICore
  - QMUIKit/QMUIComponents/QMUIMarqueeLabel (4.1.3):
    - QMUIKit/QMUICore
  - QMUIKit/QMUIComponents/QMUIModalPresentationViewController (4.1.3):
    - QMUIKit/QMUIComponents/QMUIAppearance
    - QMUIKit/QMUIComponents/QMUIKeyboardManager
    - QMUIKit/QMUICore
  - QMUIKit/QMUIComponents/QMUIMoreOperationController (4.1.3):
    - QMUIKit/QMUIComponents/QMUIAppearance
    - QMUIKit/QMUIComponents/QMUIButton
    - QMUIKit/QMUIComponents/QMUIModalPresentationViewController
    - QMUIKit/QMUICore
  - QMUIKit/QMUIComponents/QMUIMultipleDelegates (4.1.3):
    - QMUIKit/QMUICore
  - QMUIKit/QMUIComponents/QMUINavigationButton (4.1.3):
    - QMUIKit/QMUICore
    - QMUIKit/QMUIMainFrame
  - QMUIKit/QMUIComponents/QMUINavigationTitleView (4.1.3):
    - QMUIKit/QMUIComponents/QMUIAppearance
    - QMUIKit/QMUIComponents/QMUIButton
    - QMUIKit/QMUICore
  - QMUIKit/QMUIComponents/QMUIOrderedDictionary (4.1.3):
    - QMUIKit/QMUICore
  - QMUIKit/QMUIComponents/QMUIPieProgressView (4.1.3):
    - QMUIKit/QMUICore
  - QMUIKit/QMUIComponents/QMUIPopupContainerView (4.1.3):
    - QMUIKit/QMUIComponents/QMUIAppearance
    - QMUIKit/QMUICore
    - QMUIKit/QMUIMainFrame
  - QMUIKit/QMUIComponents/QMUIPopupMenuView (4.1.3):
    - QMUIKit/QMUIComponents/QMUIButton
    - QMUIKit/QMUIComponents/QMUIPopupContainerView
    - QMUIKit/QMUICore
  - QMUIKit/QMUIComponents/QMUIScrollAnimator (4.1.3):
    - QMUIKit/QMUIComponents/QMUIMultipleDelegates
    - QMUIKit/QMUICore
  - QMUIKit/QMUIComponents/QMUISearchBar (4.1.3):
    - QMUIKit/QMUICore
  - QMUIKit/QMUIComponents/QMUISearchController (4.1.3):
    - QMUIKit/QMUIComponents/QMUIEmptyView
    - QMUIKit/QMUIComponents/QMUISearchBar
    - QMUIKit/QMUICore
    - QMUIKit/QMUIMainFrame
  - QMUIKit/QMUIComponents/QMUISegmentedControl (4.1.3):
    - QMUIKit/QMUICore
  - QMUIKit/QMUIComponents/QMUISlider (4.1.3):
    - QMUIKit/QMUICore
  - QMUIKit/QMUIComponents/QMUIStaticTableView (4.1.3):
    - QMUIKit/QMUIComponents/QMUIMultipleDelegates
    - QMUIKit/QMUIComponents/QMUITableViewCell
    - QMUIKit/QMUICore
  - QMUIKit/QMUIComponents/QMUITableView (4.1.3):
    - QMUIKit/QMUIComponents/QMUITableViewProtocols
    - QMUIKit/QMUICore
  - QMUIKit/QMUIComponents/QMUITableViewCell (4.1.3):
    - QMUIKit/QMUIComponents/QMUIButton
    - QMUIKit/QMUICore
  - QMUIKit/QMUIComponents/QMUITableViewHeaderFooterView (4.1.3):
    - QMUIKit/QMUICore
  - QMUIKit/QMUIComponents/QMUITableViewProtocols (4.1.3):
    - QMUIKit/QMUICore
  - QMUIKit/QMUIComponents/QMUITestView (4.1.3):
    - QMUIKit/QMUICore
  - QMUIKit/QMUIComponents/QMUITextField (4.1.3):
    - QMUIKit/QMUIComponents/QMUIMultipleDelegates
    - QMUIKit/QMUICore
  - QMUIKit/QMUIComponents/QMUITextView (4.1.3):
    - QMUIKit/QMUIComponents/QMUILabel
    - QMUIKit/QMUIComponents/QMUIMultipleDelegates
    - QMUIKit/QMUICore
  - QMUIKit/QMUIComponents/QMUITheme (4.1.3):
    - QMUIKit/QMUIComponents/QMUIAlertController
    - QMUIKit/QMUIComponents/QMUIButton
    - QMUIKit/QMUIComponents/QMUIConsole
    - QMUIKit/QMUIComponents/QMUIEmotionView
    - QMUIKit/QMUIComponents/QMUIEmptyView
    - QMUIKit/QMUIComponents/QMUIFillButton
    - QMUIKit/QMUIComponents/QMUIGhostButton
    - QMUIKit/QMUIComponents/QMUIGridView
    - QMUIKit/QMUIComponents/QMUIImagePickerLibrary
    - QMUIKit/QMUIComponents/QMUIImagePreviewView
    - QMUIKit/QMUIComponents/QMUILabel
    - QMUIKit/QMUIComponents/QMUILinkButton
    - QMUIKit/QMUIComponents/QMUIModalPresentationViewController
    - QMUIKit/QMUIComponents/QMUIPopupContainerView
    - QMUIKit/QMUIComponents/QMUIPopupMenuView
    - QMUIKit/QMUIComponents/QMUISlider
    - QMUIKit/QMUIComponents/QMUITextField
    - QMUIKit/QMUIComponents/QMUITextView
    - QMUIKit/QMUIComponents/QMUIToastView
    - QMUIKit/QMUIComponents/QMUIVisualEffectView
    - QMUIKit/QMUICore
  - QMUIKit/QMUIComponents/QMUITips (4.1.3):
    - QMUIKit/QMUIComponents/QMUIToastView
    - QMUIKit/QMUICore
  - QMUIKit/QMUIComponents/QMUIToastView (4.1.3):
    - QMUIKit/QMUIComponents/QMUIKeyboardManager
    - QMUIKit/QMUIComponents/QMUIVisualEffectView
    - QMUIKit/QMUICore
  - QMUIKit/QMUIComponents/QMUIToolbarButton (4.1.3):
    - QMUIKit/QMUICore
  - QMUIKit/QMUIComponents/QMUIVisualEffectView (4.1.3):
    - QMUIKit/QMUIComponents/QMUICALayerExtension
    - QMUIKit/QMUICore
  - QMUIKit/QMUIComponents/QMUIWindowSizeMonitor (4.1.3):
    - QMUIKit/QMUICore
  - QMUIKit/QMUIComponents/QMUIZoomImageView (4.1.3):
    - QMUIKit/QMUIComponents/QMUIAssetLibrary
    - QMUIKit/QMUIComponents/QMUIButton
    - QMUIKit/QMUIComponents/QMUIEmptyView
    - QMUIKit/QMUIComponents/QMUIPieProgressView
    - QMUIKit/QMUIComponents/QMUISlider
    - QMUIKit/QMUICore
  - QMUIKit/QMUICore (4.1.3):
    - QMUIKit/QMUILog
    - QMUIKit/QMUIWeakObjectContainer
  - QMUIKit/QMUILog (4.1.3)
  - QMUIKit/QMUIMainFrame (4.1.3):
    - QMUIKit/QMUIComponents/QMUIEmptyView
    - QMUIKit/QMUIComponents/QMUIKeyboardManager
    - QMUIKit/QMUIComponents/QMUIMultipleDelegates
    - QMUIKit/QMUIComponents/QMUINavigationTitleView
    - QMUIKit/QMUIComponents/QMUITableView
    - QMUIKit/QMUIComponents/QMUITableViewHeaderFooterView
    - QMUIKit/QMUICore
    - QMUIKit/QMUILog
  - QMUIKit/QMUIWeakObjectContainer (4.1.3)
  - ReactiveObjC (3.1.1)
  - SAMKeychain (1.5.3)
  - SDWebImage (5.13.2):
    - SDWebImage/Core (= 5.13.2)
  - SDWebImage/Core (5.13.2)
  - SJBaseVideoPlayer (3.5.2):
    - Masonry
    - SJBaseVideoPlayer/AVPlayer (= 3.5.2)
    - SJBaseVideoPlayer/Common (= 3.5.2)
    - SJUIKit/AttributesFactory (>= 0.0.0.38)
    - SJUIKit/ObserverHelper
    - SJUIKit/Queues
    - SJUIKit/SQLite3
  - SJBaseVideoPlayer/AVPlayer (3.5.2):
    - Masonry
    - SJBaseVideoPlayer/Common
    - SJUIKit/AttributesFactory (>= 0.0.0.38)
    - SJUIKit/ObserverHelper
    - SJUIKit/Queues
    - SJUIKit/SQLite3
  - SJBaseVideoPlayer/Common (3.5.2):
    - Masonry
    - SJBaseVideoPlayer/ResourceLoader
    - SJUIKit/AttributesFactory (>= 0.0.0.38)
    - SJUIKit/ObserverHelper
    - SJUIKit/Queues
    - SJUIKit/SQLite3
  - SJBaseVideoPlayer/ResourceLoader (3.5.2):
    - Masonry
    - SJUIKit/AttributesFactory (>= 0.0.0.38)
    - SJUIKit/ObserverHelper
    - SJUIKit/Queues
    - SJUIKit/SQLite3
  - SJUIKit/AttributesFactory (0.0.0.58):
    - SJUIKit/AttributesFactory/Deprecated (= 0.0.0.58)
    - SJUIKit/AttributesFactory/UIKitText (= 0.0.0.58)
  - SJUIKit/AttributesFactory/Deprecated (0.0.0.58)
  - SJUIKit/AttributesFactory/UIKitText (0.0.0.58)
  - SJUIKit/ObserverHelper (0.0.0.58)
  - SJUIKit/Queues (0.0.0.58)
  - SJUIKit/SQLite3 (0.0.0.58):
    - SJUIKit/SQLite3/Core (= 0.0.0.58)
    - SJUIKit/SQLite3/Protocol (= 0.0.0.58)
    - YYModel
  - SJUIKit/SQLite3/Core (0.0.0.58):
    - SJUIKit/SQLite3/Protocol
    - YYModel
  - SJUIKit/SQLite3/Protocol (0.0.0.58):
    - YYModel
  - SSZipArchive (2.4.3)
  - SVGKit (2.1.1):
    - CocoaLumberjack (~> 3.0)
  - TABAnimated (2.6.3)
  - TZScrollViewPopGesture (1.0.6)
  - WechatOpenSDK (1.9.7)
  - YTKNetwork (3.0.6):
    - AFNetworking/NSURLSession (~> 4.0)
  - YYCategories (1.0.4):
    - YYCategories/no-arc (= 1.0.4)
  - YYCategories/no-arc (1.0.4)
  - YYKit (1.0.9):
    - YYKit/no-arc (= 1.0.9)
  - YYKit/no-arc (1.0.9)
  - YYModel (1.0.4)
  - ZXSDK (3.2.0)

DEPENDENCIES:
  - AFNetworking (~> 4.0.1)
  - Alamofire (= 4.9.1)
  - AMap3DMap-NO-IDFA
  - AMapLocation-NO-IDFA
  - AMapSearch-NO-IDFA
  - BRPickerView (= 2.8.0)
  - Bugly (~> 2.5.9)
  - CL_ShanYanSDK (= 2.3.5.8)
  - CocoaAsyncSocket
  - CYLTabBarController (= 1.29.2)
  - DoraemonKit/Core (~> 3.0.4)
  - DoraemonKit/WithGPS (~> 3.0.4)
  - DoraemonKit/WithLoad (~> 3.0.4)
  - DoraemonKit/WithLogger (~> 3.0.4)
  - FDFullscreenPopGesture (= 1.1)
  - FDFullscreenPopGesture (~> 1.1)
  - FMDB (>= 2.7.1)
  - GTExtensionSDK (= 3.0.1)
  - GTSDK (= 2.7.1.0)
  - HHTransition (= 3.1.0)
  - HookLib (from `./LocalPodsLib/BasicLib/HookLib/`)
  - IQKeyboardManager (= 6.5.10)
  - JJException (= 0.2.12)
  - JLRoutes (= 2.1)
  - JSONModel (= 1.5.0)
  - KissXML (= 5.2.3)
  - KVOController (= 1.2.0)
  - Logan (= 1.2.7)
  - LookinServer (= 1.0.4)
  - Masonry (= 1.1.0)
  - MGJRouter (from `https://github.com/lyujunwei/MGJRouter`)
  - MJExtension (= 3.0.15.1)
  - MJRefresh (= 3.1.15.7)
  - PINCache (= 2.3)
  - QMUIKit
  - ReactiveObjC (= 3.1.1)
  - SAMKeychain (= 1.5.3)
  - SDWebImage (= 5.13.2)
  - SJBaseVideoPlayer (= 3.5.2)
  - SSZipArchive (= 2.4.3)
  - SVGKit (= 2.1.1)
  - TABAnimated (= 2.6.3)
  - TZScrollViewPopGesture (= 1.0.6)
  - WechatOpenSDK (= 1.9.7)
  - YTKNetwork (= 3.0.6)
  - YYCategories
  - YYKit (= 1.0.9)

SPEC REPOS:
  https://github.com/CocoaPods/Specs.git:
    - AFNetworking
    - Alamofire
    - AMap3DMap-NO-IDFA
    - AMapFoundation-NO-IDFA
    - AMapLocation-NO-IDFA
    - AMapSearch-NO-IDFA
    - BRPickerView
    - Bugly
    - CL_ShanYanSDK
    - CocoaAsyncSocket
    - CocoaLumberjack
    - CYLTabBarController
    - DoraemonKit
    - FDFullscreenPopGesture
    - FMDB
    - GCDWebServer
    - GTExtensionSDK
    - GTSDK
    - HHTransition
    - IQKeyboardManager
    - JJException
    - JLRoutes
    - JSONModel
    - KissXML
    - KVOController
    - Logan
    - LookinServer
    - Masonry
    - MJExtension
    - MJRefresh
    - PINCache
    - QMUIKit
    - ReactiveObjC
    - SAMKeychain
    - SDWebImage
    - SJBaseVideoPlayer
    - SJUIKit
    - SSZipArchive
    - SVGKit
    - TABAnimated
    - TZScrollViewPopGesture
    - WechatOpenSDK
    - YTKNetwork
    - YYCategories
    - YYKit
    - YYModel
    - ZXSDK

EXTERNAL SOURCES:
  HookLib:
    :path: "./LocalPodsLib/BasicLib/HookLib/"
  MGJRouter:
    :git: https://github.com/lyujunwei/MGJRouter

CHECKOUT OPTIONS:
  MGJRouter:
    :commit: 565841ec6b70889262ed232704978fcf7deb9e44
    :git: https://github.com/lyujunwei/MGJRouter

SPEC CHECKSUMS:
  AFNetworking: 3bd23d814e976cd148d7d44c3ab78017b744cd58
  Alamofire: 85e8a02c69d6020a0d734f6054870d7ecb75cf18
  AMap3DMap-NO-IDFA: ad6e60e43f5c7a1a214516e8a0fa8a45790dfafa
  AMapFoundation-NO-IDFA: e191e554859b375f463e52eb6c994e440ebf7126
  AMapLocation-NO-IDFA: 6839d1543b3138ae594ddd36ab72741dc87df66f
  AMapSearch-NO-IDFA: 935289770e93a740599707f9b4cb3946ed87860d
  BRPickerView: a0ff460bf092bc069db5a54153395b1f7e8f5300
  Bugly: b8715e6ec4004b7f7fbffab0643ba80545aee3da
  CL_ShanYanSDK: 25b9220aa2b0df960a006d06e3a4ba725fa6c2f1
  CocoaAsyncSocket: 065fd1e645c7abab64f7a6a2007a48038fdc6a99
  CocoaLumberjack: 543c79c114dadc3b1aba95641d8738b06b05b646
  CYLTabBarController: db44b5901a28693a8a4279e4721b3aafdd36c178
  DoraemonKit: 32fb97f3aa82efa133111d193080ca5462cef135
  FDFullscreenPopGesture: a8a620179e3d9c40e8e00256dcee1c1a27c6d0f0
  FMDB: 2ce00b547f966261cd18927a3ddb07cb6f3db82a
  GCDWebServer: 2c156a56c8226e2d5c0c3f208a3621ccffbe3ce4
  GTExtensionSDK: ddf0dd4e985ace31c2e86b13a3d47c4b4705f23e
  GTSDK: 6499e3a1717bf07acf89cc9cef8625ae46c81b1b
  HHTransition: 7a3e1348fd111641138626c5529455e492d7e19f
  HookLib: 71a18907904c2abd5aba1b9417e7292957ddec58
  IQKeyboardManager: 45a1fa55c1a5b02c61ac0fd7fd5b62bb4ad20d97
  JJException: e0e36bf51b5680c4d3e33afffa21c0f7fb692b9c
  JLRoutes: d755245322b94227662ea3e43492fdca94e05c5b
  JSONModel: 79b79f8cc6f63b9fd30c7e8ec15aebe9f1a6cc4f
  KissXML: 09f88ff8161fd058d67b70740b8b516687b52823
  KVOController: d72ace34afea42468329623b3379ab3cd1d286b6
  Logan: d7e508f88d596b186e9cdcc0cf35b45c89bbc22f
  LookinServer: 743c1681771d0a8dcc38825325a080c3186404a5
  Masonry: 678fab65091a9290e40e2832a55e7ab731aad201
  MGJRouter: d8bc21beb8cc8567491854d8a4b7533d95889e22
  MJExtension: 19bc33ce2eee2d319760f5622562cf581a6ff756
  MJRefresh: 697f8ec75ebdbe9207767bb682cf0f51b0d8a41f
  PINCache: ce36ed282031b92fc7733ffe831f474ff80fddc2
  QMUIKit: 1063a99f90aedd6e2dd65026ce0df46e6785e67b
  ReactiveObjC: 011caa393aa0383245f2dcf9bf02e86b80b36040
  SAMKeychain: 483e1c9f32984d50ca961e26818a534283b4cd5c
  SDWebImage: 72f86271a6f3139cc7e4a89220946489d4b9a866
  SJBaseVideoPlayer: c8f2fdb374ec2c946c37b1f39eee24f0812a979b
  SJUIKit: 86d5b16f8b8b17274ef8805acf965e4014629e15
  SSZipArchive: fe6a26b2a54d5a0890f2567b5cc6de5caa600aef
  SVGKit: 652cdf7bef8bec8564d04a8511d3ab50c7595fac
  TABAnimated: 2503f43b82bfeaf4e78c4922630284a46d8108f5
  TZScrollViewPopGesture: d36355038259e89372a1f4a2db7e9ca675de2278
  WechatOpenSDK: 2f0ae448c7525cb5c27db5f7aa0f568de0988fa4
  YTKNetwork: c16be90b06be003de9e9cd0d3b187cc8eaf35c04
  YYCategories: 6bcd4314c6661a561410dce4a793379ebd306abd
  YYKit: 7cda43304a8dc3696c449041e2cb3107b4e236e7
  YYModel: 2a7fdd96aaa4b86a824e26d0c517de8928c04b30
  ZXSDK: abe4ef2002d42d51cdfab14256b8492bbeed2190

PODFILE CHECKSUM: 858a410ab9bd787d9559005717c71e1164717803

COCOAPODS: 1.11.3
